<?xml version="1.0" encoding="utf-8"?>
<Project ToolsVersion="4.0" xmlns="http://schemas.microsoft.com/developer/msbuild/2003">
  <ItemGroup>
    <Filter Include="Core">
      <UniqueIdentifier>{93995380-89BD-4b04-88EB-625FBE52EBFB}</UniqueIdentifier>
      <Extensions>h;hh;hpp;hxx;hm;inl;inc;xsd</Extensions>
    </Filter>
    <Filter Include="Core\Singletons">
      <UniqueIdentifier>{e6b949a2-c7b2-4833-819b-11008512183c}</UniqueIdentifier>
    </Filter>
    <Filter Include="Core\Singletons\Gfx">
      <UniqueIdentifier>{e9a9a39f-1450-4632-bccf-5ed5aeaec5ca}</UniqueIdentifier>
    </Filter>
    <Filter Include="Core\Singletons\App">
      <UniqueIdentifier>{8f224677-a026-4e35-9325-9455da6ab4d2}</UniqueIdentifier>
    </Filter>
    <Filter Include="Core\Singletons\ObjectManager">
      <UniqueIdentifier>{b5c7e76c-38c4-42cd-8e31-0c9e3a61b5d3}</UniqueIdentifier>
    </Filter>
    <Filter Include="Core\Singletons\StageManager">
      <UniqueIdentifier>{f371f74b-1377-445e-a2dd-eeefb0c06b4e}</UniqueIdentifier>
    </Filter>
    <Filter Include="Core\Utils">
      <UniqueIdentifier>{887d0619-5dfc-463a-ae88-44dd26e66d73}</UniqueIdentifier>
    </Filter>
    <Filter Include="Core\Utils\Debug">
      <UniqueIdentifier>{fab6a9a7-9702-4b8c-8efa-ceced90e2d87}</UniqueIdentifier>
    </Filter>
    <Filter Include="Core\Utils\IniFile">
      <UniqueIdentifier>{a16fafe2-ca3c-4c7b-ab87-cdd5e8fe0d48}</UniqueIdentifier>
    </Filter>
    <Filter Include="Core\Utils\Vec2">
      <UniqueIdentifier>{16f39a5d-8567-4d7a-8d8a-ed5e168087e7}</UniqueIdentifier>
    </Filter>
    <Filter Include="Core\Utils\Random">
      <UniqueIdentifier>{eb7b6925-ac94-4a83-bdc0-fa3b8ed5d1b3}</UniqueIdentifier>
    </Filter>
    <Filter Include="Core\Utils\Mtx44">
      <UniqueIdentifier>{f2685b4c-bf35-4bfb-ba3a-f2353c4038d7}</UniqueIdentifier>
    </Filter>
    <Filter Include="Core\Utils\Math">
      <UniqueIdentifier>{67f175c4-b78b-460b-a73c-10c94dd89ad9}</UniqueIdentifier>
    </Filter>
    <Filter Include="Core\Utils\Intersect">
      <UniqueIdentifier>{10ac6452-dc89-4266-b23c-cf0195e087f8}</UniqueIdentifier>
    </Filter>
    <Filter Include="AutoGenerated">
      <UniqueIdentifier>{67DA6AB6-F800-4c08-8B7A-83BB121AAD01}</UniqueIdentifier>
      <Extensions>rc;ico;cur;bmp;dlg;rc2;rct;bin;rgs;gif;jpg;jpeg;jpe;resx;tiff;tif;png;wav;mfcribbon-ms</Extensions>
    </Filter>
    <Filter Include="Core\Components">
      <UniqueIdentifier>{5905e8ed-8415-4dda-a94d-428eab5672ef}</UniqueIdentifier>
    </Filter>
    <Filter Include="Core\Stages">
      <UniqueIdentifier>{53f9a566-64de-407f-a292-1fa06af6ee51}</UniqueIdentifier>
    </Filter>
    <Filter Include="Core\Components\Base">
      <UniqueIdentifier>{ab7b6124-df8c-4cc1-adae-2c3f4e7f5344}</UniqueIdentifier>
    </Filter>
    <Filter Include="Core\Components\GfxComp">
      <UniqueIdentifier>{959cbb98-0c7f-46d2-9584-0285f9928029}</UniqueIdentifier>
    </Filter>
    <Filter Include="Core\Components\CompFactory">
      <UniqueIdentifier>{2136b82a-16f5-46d3-92c4-c1ba468b9901}</UniqueIdentifier>
    </Filter>
    <Filter Include="Core\Stages\Base">
      <UniqueIdentifier>{e7f65e6e-897d-4e76-b5ba-0efa725d44a7}</UniqueIdentifier>
    </Filter>
    <Filter Include="Core\Stages\StageFactory">
      <UniqueIdentifier>{a3d3458e-c613-437a-8cda-251a5b138c3c}</UniqueIdentifier>
    </Filter>
    <Filter Include="SpaceShooter">
      <UniqueIdentifier>{4FC737F1-C7A5-4376-A066-2A32D752A2FF}</UniqueIdentifier>
      <Extensions>cpp;c;cc;cxx;def;odl;idl;hpj;bat;asm;asmx</Extensions>
    </Filter>
    <Filter Include="SpaceShooter\Components">
      <UniqueIdentifier>{175b4800-3e94-4462-a0a5-8134bb95c652}</UniqueIdentifier>
    </Filter>
    <Filter Include="SpaceShooter\Stages">
      <UniqueIdentifier>{227c231d-f737-4ab3-9e5a-3640954577c8}</UniqueIdentifier>
    </Filter>
    <Filter Include="SpaceShooter\Stages\GamePlay">
      <UniqueIdentifier>{dcd80015-b33f-4682-9ef9-fcfa58edc26e}</UniqueIdentifier>
    </Filter>
    <Filter Include="Core\Components\ClampComp">
      <UniqueIdentifier>{cbe6119b-e3d4-4644-9752-d687a17884d6}</UniqueIdentifier>
    </Filter>
    <Filter Include="Core\Components\WrapComp">
      <UniqueIdentifier>{f23862b8-078d-4439-a580-5866c4c54a66}</UniqueIdentifier>
    </Filter>
    <Filter Include="SpaceShooter\Components\PlayerInputComp">
      <UniqueIdentifier>{3a944dc1-4216-47f2-b57f-d991cdef976a}</UniqueIdentifier>
    </Filter>
    <Filter Include="Core\Object">
      <UniqueIdentifier>{1646543c-6e7c-4ea7-a5ef-cf6182b502b7}</UniqueIdentifier>
    </Filter>
    <Filter Include="Core\Components\OutsideViewKillComp">
      <UniqueIdentifier>{1406ec2a-f8b8-4f92-b0a2-405653040c14}</UniqueIdentifier>
    </Filter>
    <Filter Include="SpaceShooter\Components\ShrinkComp">
      <UniqueIdentifier>{3a3f9b43-4890-4563-a3e4-cdaa68491e01}</UniqueIdentifier>
    </Filter>
    <Filter Include="Core\Components\FsmComp">
      <UniqueIdentifier>{90885cbd-e243-47bd-808c-ec55f9863be7}</UniqueIdentifier>
    </Filter>
    <Filter Include="SpaceShooter\Components\RandomGoComp">
      <UniqueIdentifier>{c39e255f-6f19-4368-be98-c654720012ef}</UniqueIdentifier>
    </Filter>
    <Filter Include="SpaceShooter\Components\ChasePlayerComp">
      <UniqueIdentifier>{2435a3f8-c92c-41d8-b10e-b45f069f3aaf}</UniqueIdentifier>
    </Filter>
    <Filter Include="AutoGenerated\Components">
      <UniqueIdentifier>{fbc8c3df-29c2-4912-accb-56728e03b562}</UniqueIdentifier>
    </Filter>
    <Filter Include="AutoGenerated\Stages">
      <UniqueIdentifier>{9cc80d70-ebba-45a5-901c-9152c92aaae5}</UniqueIdentifier>
    </Filter>
    <Filter Include="Core\Utils\Factory">
      <UniqueIdentifier>{a4214e84-f98c-4f01-898b-653422c2e242}</UniqueIdentifier>
    </Filter>
    <Filter Include="Core\Utils\Timer">
      <UniqueIdentifier>{1c1c205b-e9db-4fd2-9bb6-498786cf9083}</UniqueIdentifier>
    </Filter>
    <Filter Include="SpaceShooter\Helper">
      <UniqueIdentifier>{2fb4f1ad-787d-4456-9fbb-a99859fd0158}</UniqueIdentifier>
    </Filter>
    <Filter Include="SpaceShooter\Stages\SplashStage">
      <UniqueIdentifier>{6dba2c6c-df63-4900-8fc3-d940f586e051}</UniqueIdentifier>
    </Filter>
    <Filter Include="Core\Singletons\Phy">
      <UniqueIdentifier>{b2011d1f-da0f-498c-a4f1-432d9a470a2a}</UniqueIdentifier>
    </Filter>
    <Filter Include="Core\Components\ColliderComponent">
      <UniqueIdentifier>{64401561-02e5-4354-9f27-47946efa1de7}</UniqueIdentifier>
    </Filter>
    <Filter Include="AutoGenerated\ArcheTypes">
      <UniqueIdentifier>{2b627c82-d2b7-41d8-822d-121918d28177}</UniqueIdentifier>
    </Filter>
    <Filter Include="Core\Components\UIButtonComp">
      <UniqueIdentifier>{c20bb6c2-037d-4fe2-be73-df45199286b1}</UniqueIdentifier>
    </Filter>
    <Filter Include="AutoGenerated\Commands">
      <UniqueIdentifier>{386988da-a7e4-4d47-8512-69452877c03e}</UniqueIdentifier>
    </Filter>
    <Filter Include="Core\Commands">
      <UniqueIdentifier>{3e2e7c76-2d3a-43a2-bb41-6c93049854fe}</UniqueIdentifier>
    </Filter>
    <Filter Include="Core\Commands\ChangeStage">
      <UniqueIdentifier>{cf35215f-f618-4747-b5b7-b2df8e25f86e}</UniqueIdentifier>
    </Filter>
    <Filter Include="SpaceShooter\Components\MenuAsteroidSpawnerComp">
      <UniqueIdentifier>{5bec44b6-1a77-46e2-af1d-f99340e3bb2f}</UniqueIdentifier>
    </Filter>
    <Filter Include="SpaceShooter\Components\GrowToSizeComp">
      <UniqueIdentifier>{5621b983-4281-4c43-ba05-62a4ab1a11e4}</UniqueIdentifier>
    </Filter>
    <Filter Include="Core\Commands\Quit">
      <UniqueIdentifier>{b2c0c0fb-e648-4a63-800d-7e5be632d197}</UniqueIdentifier>
    </Filter>
    <Filter Include="Core\Commands\Base">
      <UniqueIdentifier>{5977544d-e780-4508-9ed8-14966b377149}</UniqueIdentifier>
    </Filter>
    <Filter Include="Core\Utils\Factory\Builder">
      <UniqueIdentifier>{10c30aaf-5e14-411f-9e68-333d22dc06d8}</UniqueIdentifier>
    </Filter>
    <Filter Include="Core\Components\RepositionComp">
      <UniqueIdentifier>{0d0ecf7c-4f24-4718-bc78-97dc8e2032db}</UniqueIdentifier>
    </Filter>
    <Filter Include="Core\Commands\PauseStage">
      <UniqueIdentifier>{3be71127-d067-4b1e-b47e-466c086adb13}</UniqueIdentifier>
    </Filter>
    <Filter Include="Core\Commands\ResumeStage">
      <UniqueIdentifier>{d494afaa-fb68-40b8-947f-ccd003b20709}</UniqueIdentifier>
    </Filter>
    <Filter Include="Core\Commands\ChangeResolution">
      <UniqueIdentifier>{fdaf2930-1b31-4a37-b802-db4abab58af5}</UniqueIdentifier>
    </Filter>
    <Filter Include="Core\Commands\SetFullScreen">
      <UniqueIdentifier>{a4e7092f-f1f5-4a4a-aaf7-fcac1f93ea0a}</UniqueIdentifier>
    </Filter>
    <Filter Include="SpaceShooter\Stages\Menu">
      <UniqueIdentifier>{9e3faabe-edcb-471e-9a39-64455b47d520}</UniqueIdentifier>
    </Filter>
  </ItemGroup>
  <ItemGroup>
    <ClCompile Include="Source\Core\M5App.cpp">
      <Filter>Core\Singletons\App</Filter>
    </ClCompile>
    <ClCompile Include="Source\Core\M5ObjectManager.cpp">
      <Filter>Core\Singletons\ObjectManager</Filter>
    </ClCompile>
    <ClCompile Include="Source\Core\M5Gfx.cpp">
      <Filter>Core\Singletons\Gfx</Filter>
    </ClCompile>
    <ClCompile Include="Source\Core\M5Debug.cpp">
      <Filter>Core\Utils\Debug</Filter>
    </ClCompile>
    <ClCompile Include="Source\Core\M5IniFile.cpp">
      <Filter>Core\Utils\IniFile</Filter>
    </ClCompile>
    <ClCompile Include="Source\Core\M5Vec2.cpp">
      <Filter>Core\Utils\Vec2</Filter>
    </ClCompile>
    <ClCompile Include="Source\Core\M5Random.cpp">
      <Filter>Core\Utils\Random</Filter>
    </ClCompile>
    <ClCompile Include="Source\Core\M5Mtx44.cpp">
      <Filter>Core\Utils\Mtx44</Filter>
    </ClCompile>
    <ClCompile Include="Source\Core\M5Math.cpp">
      <Filter>Core\Utils\Math</Filter>
    </ClCompile>
    <ClCompile Include="Source\Core\M5Intersect.cpp">
      <Filter>Core\Utils\Intersect</Filter>
    </ClCompile>
    <ClCompile Include="Source\Core\M5Input.cpp">
      <Filter>Core\Singletons\App</Filter>
    </ClCompile>
    <ClCompile Include="Source\Core\M5ResourceManager.cpp">
      <Filter>Core\Singletons\Gfx</Filter>
    </ClCompile>
    <ClCompile Include="Source\Main.cpp">
      <Filter>SpaceShooter</Filter>
    </ClCompile>
    <ClCompile Include="Source\Core\M5Component.cpp">
      <Filter>Core\Components\Base</Filter>
    </ClCompile>
    <ClCompile Include="Source\Core\GfxComponent.cpp">
      <Filter>Core\Components\GfxComp</Filter>
    </ClCompile>
    <ClCompile Include="Source\Core\M5ComponentFactory.cpp">
      <Filter>Core\Components\CompFactory</Filter>
    </ClCompile>
    <ClCompile Include="Source\Core\M5StageFactory.cpp">
      <Filter>Core\Stages\StageFactory</Filter>
    </ClCompile>
    <ClCompile Include="Source\SplashStage.cpp">
      <Filter>SpaceShooter\Stages\SplashStage</Filter>
    </ClCompile>
    <ClCompile Include="Source\GamePlayStage.cpp">
      <Filter>SpaceShooter\Stages\GamePlay</Filter>
    </ClCompile>
    <ClCompile Include="Source\PlayerInputComponent.cpp">
      <Filter>SpaceShooter\Components\PlayerInputComp</Filter>
    </ClCompile>
    <ClCompile Include="Source\Core\WrapComponent.cpp">
      <Filter>Core\Components\WrapComp</Filter>
    </ClCompile>
    <ClCompile Include="Source\Core\ClampComponent.cpp">
      <Filter>Core\Components\ClampComp</Filter>
    </ClCompile>
    <ClCompile Include="Source\Core\M5Object.cpp">
      <Filter>Core\Object</Filter>
    </ClCompile>
    <ClCompile Include="Source\Core\OutsideViewKillComponent.cpp">
      <Filter>Core\Components\OutsideViewKillComp</Filter>
    </ClCompile>
    <ClCompile Include="Source\ShrinkComponent.cpp">
      <Filter>SpaceShooter\Components\ShrinkComp</Filter>
    </ClCompile>
    <ClCompile Include="Source\Core\M5StateMachine.cpp">
      <Filter>Core\Components\FsmComp</Filter>
    </ClCompile>
    <ClCompile Include="Source\RandomGoComponent.cpp">
      <Filter>SpaceShooter\Components\RandomGoComp</Filter>
    </ClCompile>
    <ClCompile Include="Source\ChasePlayerComponent.cpp">
      <Filter>SpaceShooter\Components\ChasePlayerComp</Filter>
    </ClCompile>
    <ClCompile Include="Source\Core\M5StageManager.cpp">
      <Filter>Core\Singletons\StageManager</Filter>
    </ClCompile>
    <ClCompile Include="Source\Core\M5Timer.cpp">
      <Filter>Core\Utils\Timer</Filter>
    </ClCompile>
    <ClCompile Include="Source\SpaceShooterHelp.cpp">
      <Filter>SpaceShooter\Helper</Filter>
    </ClCompile>
    <ClCompile Include="Source\Core\M5Phy.cpp">
      <Filter>Core\Singletons\Phy</Filter>
    </ClCompile>
    <ClCompile Include="Source\Core\ColliderComponent.cpp">
      <Filter>Core\Components\ColliderComponent</Filter>
    </ClCompile>
    <ClCompile Include="Source\RegisterStages.cpp">
      <Filter>AutoGenerated\Stages</Filter>
    </ClCompile>
    <ClCompile Include="Source\RegisterComponents.cpp">
      <Filter>AutoGenerated\Components</Filter>
    </ClCompile>
    <ClCompile Include="Source\RegisterArcheTypes.cpp">
      <Filter>AutoGenerated\ArcheTypes</Filter>
    </ClCompile>
    <ClCompile Include="Source\Core\UIButtonComponent.cpp">
      <Filter>Core\Components\UIButtonComp</Filter>
    </ClCompile>
    <ClCompile Include="Source\Core\ChangeStageCommand.cpp">
      <Filter>Core\Commands\ChangeStage</Filter>
    </ClCompile>
    <ClCompile Include="Source\MenuSpawnerComponent.cpp">
      <Filter>SpaceShooter\Components\MenuAsteroidSpawnerComp</Filter>
    </ClCompile>
    <ClCompile Include="Source\GrowToSizeComponent.cpp">
      <Filter>SpaceShooter\Components\GrowToSizeComp</Filter>
    </ClCompile>
    <ClCompile Include="Source\Core\QuitCommand.cpp">
      <Filter>Core\Commands\Quit</Filter>
    </ClCompile>
    <ClCompile Include="Source\RegisterCommands.cpp">
      <Filter>AutoGenerated\Commands</Filter>
    </ClCompile>
    <ClCompile Include="Source\Core\RepositionComponent.cpp">
      <Filter>Core\Components\RepositionComp</Filter>
    </ClCompile>
    <ClCompile Include="Source\Core\PauseStageCommand.cpp">
      <Filter>Core\Commands\PauseStage</Filter>
    </ClCompile>
    <ClCompile Include="Source\Core\ResumeStageCommand.cpp">
      <Filter>Core\Commands\ResumeStage</Filter>
    </ClCompile>
    <ClCompile Include="Source\Core\ChangeResolutionCommand.cpp">
      <Filter>Core\Commands\ChangeResolution</Filter>
    </ClCompile>
    <ClCompile Include="Source\Core\SetFullscreenCommand.cpp">
      <Filter>Core\Commands\SetFullScreen</Filter>
    </ClCompile>
    <ClCompile Include="Source\MenuStage.cpp">
      <Filter>SpaceShooter\Stages\Menu</Filter>
    </ClCompile>
  </ItemGroup>
  <ItemGroup>
    <ClInclude Include="Source\Core\M5GameData.h">
      <Filter>Core</Filter>
    </ClInclude>
    <ClInclude Include="Source\Core\M5App.h">
      <Filter>Core\Singletons\App</Filter>
    </ClInclude>
    <ClInclude Include="Source\Core\M5ObjectManager.h">
      <Filter>Core\Singletons\ObjectManager</Filter>
    </ClInclude>
    <ClInclude Include="Source\Core\M5Gfx.h">
      <Filter>Core\Singletons\Gfx</Filter>
    </ClInclude>
    <ClInclude Include="Source\Core\M5Debug.h">
      <Filter>Core\Utils\Debug</Filter>
    </ClInclude>
    <ClInclude Include="Source\Core\M5IniFile.h">
      <Filter>Core\Utils\IniFile</Filter>
    </ClInclude>
    <ClInclude Include="Source\Core\M5Vec2.h">
      <Filter>Core\Utils\Vec2</Filter>
    </ClInclude>
    <ClInclude Include="Source\Core\M5Random.h">
      <Filter>Core\Utils\Random</Filter>
    </ClInclude>
    <ClInclude Include="Source\Core\M5Mtx44.h">
      <Filter>Core\Utils\Mtx44</Filter>
    </ClInclude>
    <ClInclude Include="Source\Core\M5Math.h">
      <Filter>Core\Utils\Math</Filter>
    </ClInclude>
    <ClInclude Include="Source\Core\M5Intersect.h">
      <Filter>Core\Utils\Intersect</Filter>
    </ClInclude>
    <ClInclude Include="Source\Core\M5Input.h">
      <Filter>Core\Singletons\App</Filter>
    </ClInclude>
    <ClInclude Include="Source\Core\M5ResourceManager.h">
      <Filter>Core\Singletons\Gfx</Filter>
    </ClInclude>
    <ClInclude Include="Source\Core\M5Component.h">
      <Filter>Core\Components\Base</Filter>
    </ClInclude>
    <ClInclude Include="Source\Core\GfxComponent.h">
      <Filter>Core\Components\GfxComp</Filter>
    </ClInclude>
    <ClInclude Include="Source\Core\M5ComponentBuilder.h">
      <Filter>Core\Components\CompFactory</Filter>
    </ClInclude>
    <ClInclude Include="Source\Core\M5ComponentFactory.h">
      <Filter>Core\Components\CompFactory</Filter>
    </ClInclude>
    <ClInclude Include="Source\Core\M5Stage.h">
      <Filter>Core\Stages\Base</Filter>
    </ClInclude>
    <ClInclude Include="Source\Core\M5StageFactory.h">
      <Filter>Core\Stages\StageFactory</Filter>
    </ClInclude>
    <ClInclude Include="Source\Core\M5StageBuilder.h">
      <Filter>Core\Stages\StageFactory</Filter>
    </ClInclude>
    <ClInclude Include="Source\SplashStage.h">
      <Filter>SpaceShooter\Stages\SplashStage</Filter>
    </ClInclude>
    <ClInclude Include="Source\PlayerInputComponent.h">
      <Filter>SpaceShooter\Components\PlayerInputComp</Filter>
    </ClInclude>
    <ClInclude Include="Source\GamePlayStage.h">
      <Filter>SpaceShooter\Stages\GamePlay</Filter>
    </ClInclude>
    <ClInclude Include="Source\Core\WrapComponent.h">
      <Filter>Core\Components\WrapComp</Filter>
    </ClInclude>
    <ClInclude Include="Source\Core\ClampComponent.h">
      <Filter>Core\Components\ClampComp</Filter>
    </ClInclude>
    <ClInclude Include="Source\Core\M5Object.h">
      <Filter>Core\Object</Filter>
    </ClInclude>
    <ClInclude Include="Source\Core\OutsideViewKillComponent.h">
      <Filter>Core\Components\OutsideViewKillComp</Filter>
    </ClInclude>
    <ClInclude Include="Source\ShrinkComponent.h">
      <Filter>SpaceShooter\Components\ShrinkComp</Filter>
    </ClInclude>
    <ClInclude Include="Source\Core\M5StateMachine.h">
      <Filter>Core\Components\FsmComp</Filter>
    </ClInclude>
    <ClInclude Include="Source\RandomGoComponent.h">
      <Filter>SpaceShooter\Components\RandomGoComp</Filter>
    </ClInclude>
    <ClInclude Include="Source\ChasePlayerComponent.h">
      <Filter>SpaceShooter\Components\ChasePlayerComp</Filter>
    </ClInclude>
    <ClInclude Include="Source\Core\M5ArcheTypes.h">
      <Filter>AutoGenerated\ArcheTypes</Filter>
    </ClInclude>
    <ClInclude Include="Source\RegisterArcheTypes.h">
      <Filter>AutoGenerated\ArcheTypes</Filter>
    </ClInclude>
    <ClInclude Include="Source\Core\M5ComponentTypes.h">
      <Filter>AutoGenerated\Components</Filter>
    </ClInclude>
    <ClInclude Include="Source\RegisterComponents.h">
      <Filter>AutoGenerated\Components</Filter>
    </ClInclude>
    <ClInclude Include="Source\Core\M5StageTypes.h">
      <Filter>AutoGenerated\Stages</Filter>
    </ClInclude>
    <ClInclude Include="Source\RegisterStages.h">
      <Filter>AutoGenerated\Stages</Filter>
    </ClInclude>
    <ClInclude Include="Source\Core\M5StageManager.h">
      <Filter>Core\Singletons\StageManager</Filter>
    </ClInclude>
    <ClInclude Include="Source\Core\M5Factory.h">
      <Filter>Core\Utils\Factory</Filter>
    </ClInclude>
    <ClInclude Include="Source\Core\M5Timer.h">
      <Filter>Core\Utils\Timer</Filter>
    </ClInclude>
    <ClInclude Include="Source\SpaceShooterHelp.h">
      <Filter>SpaceShooter\Helper</Filter>
    </ClInclude>
    <ClInclude Include="Source\Core\M5Phy.h">
      <Filter>Core\Singletons\Phy</Filter>
    </ClInclude>
    <ClInclude Include="Source\Core\ColliderComponent.h">
      <Filter>Core\Components\ColliderComponent</Filter>
    </ClInclude>
    <ClInclude Include="Source\Core\UIButtonComponent.h">
      <Filter>Core\Components\UIButtonComp</Filter>
    </ClInclude>
    <ClInclude Include="Source\Core\M5Command.h">
      <Filter>Core\Commands\Base</Filter>
    </ClInclude>
    <ClInclude Include="Source\Core\M5CommandTypes.h">
      <Filter>AutoGenerated\Commands</Filter>
    </ClInclude>
    <ClInclude Include="Source\Core\ChangeStageCommand.h">
      <Filter>Core\Commands\ChangeStage</Filter>
    </ClInclude>
    <ClInclude Include="Source\MenuSpawnerComponent.h">
      <Filter>SpaceShooter\Components\MenuAsteroidSpawnerComp</Filter>
    </ClInclude>
    <ClInclude Include="Source\GrowToSizeComponent.h">
      <Filter>SpaceShooter\Components\GrowToSizeComp</Filter>
    </ClInclude>
    <ClInclude Include="Source\Core\QuitCommand.h">
      <Filter>Core\Commands\Quit</Filter>
    </ClInclude>
    <ClInclude Include="Source\RegisterCommands.h">
      <Filter>AutoGenerated\Commands</Filter>
    </ClInclude>
    <ClInclude Include="Source\Core\M5TBuilder.h">
      <Filter>Core\Utils\Factory\Builder</Filter>
    </ClInclude>
    <ClInclude Include="Source\Core\RepositionComponent.h">
      <Filter>Core\Components\RepositionComp</Filter>
    </ClInclude>
    <ClInclude Include="Source\Core\PauseStageCommand.h">
      <Filter>Core\Commands\PauseStage</Filter>
    </ClInclude>
    <ClInclude Include="Source\Core\ResumeStageCommand.h">
      <Filter>Core\Commands\ResumeStage</Filter>
    </ClInclude>
    <ClInclude Include="Source\Core\ChangeResolutionCommand.h">
      <Filter>Core\Commands\ChangeResolution</Filter>
    </ClInclude>
    <ClInclude Include="Source\Core\SetFullscreenCommand.h">
      <Filter>Core\Commands\SetFullScreen</Filter>
    </ClInclude>
    <ClInclude Include="Source\MenuStage.h">
      <Filter>SpaceShooter\Stages\Menu</Filter>
    </ClInclude>
  </ItemGroup>
</Project>